// !$*UTF8*$!
{
	archiveVersion = 1;
	classes = {
	};
	objectVersion = 50;
	objects = {

/* Begin PBXBuildFile section */
		DB67961121F9ABD400B09036 /* AppDelegate.m in Sources */ = {isa = PBXBuildFile; fileRef = DB67961021F9ABD400B09036 /* AppDelegate.m */; };
		DB67961421F9ABD400B09036 /* ViewController.m in Sources */ = {isa = PBXBuildFile; fileRef = DB67961321F9ABD400B09036 /* ViewController.m */; };
		DB67961721F9ABD400B09036 /* Main.storyboard in Resources */ = {isa = PBXBuildFile; fileRef = DB67961521F9ABD400B09036 /* Main.storyboard */; };
		DB67961921F9ABD500B09036 /* Assets.xcassets in Resources */ = {isa = PBXBuildFile; fileRef = DB67961821F9ABD500B09036 /* Assets.xcassets */; };
		DB67961C21F9ABD500B09036 /* LaunchScreen.storyboard in Resources */ = {isa = PBXBuildFile; fileRef = DB67961A21F9ABD500B09036 /* LaunchScreen.storyboard */; };
		DB67961F21F9ABD500B09036 /* main.m in Sources */ = {isa = PBXBuildFile; fileRef = DB67961E21F9ABD500B09036 /* main.m */; };
		E759F8E2E5A91F48E2A995D6 /* libPods-JenkinsTest.a in Frameworks */ = {isa = PBXBuildFile; fileRef = 31F9BF4DEB3D272A0DDA40BD /* libPods-JenkinsTest.a */; };
/* End PBXBuildFile section */

/* Begin PBXFileReference section */
		21244AAB54104CA7E736E792 /* Pods-JenkinsTest.release.xcconfig */ = {isa = PBXFileReference; includeInIndex = 1; lastKnownFileType = text.xcconfig; name = "Pods-JenkinsTest.release.xcconfig"; path = "Target Support Files/Pods-JenkinsTest/Pods-JenkinsTest.release.xcconfig"; sourceTree = "<group>"; };
		2ECAED5E33730A0EC358164A /* Pods-JenkinsTest.debug.xcconfig */ = {isa = PBXFileReference; includeInIndex = 1; lastKnownFileType = text.xcconfig; name = "Pods-JenkinsTest.debug.xcconfig"; path = "Target Support Files/Pods-JenkinsTest/Pods-JenkinsTest.debug.xcconfig"; sourceTree = "<group>"; };
		31F9BF4DEB3D272A0DDA40BD /* libPods-JenkinsTest.a */ = {isa = PBXFileReference; explicitFileType = archive.ar; includeInIndex = 0; path = "libPods-JenkinsTest.a"; sourceTree = BUILT_PRODUCTS_DIR; };
		DB67960C21F9ABD400B09036 /* JenkinsTest.app */ = {isa = PBXFileReference; explicitFileType = wrapper.application; includeInIndex = 0; path = JenkinsTest.app; sourceTree = BUILT_PRODUCTS_DIR; };
		DB67960F21F9ABD400B09036 /* AppDelegate.h */ = {isa = PBXFileReference; lastKnownFileType = sourcecode.c.h; path = AppDelegate.h; sourceTree = "<group>"; };
		DB67961021F9ABD400B09036 /* AppDelegate.m */ = {isa = PBXFileReference; lastKnownFileType = sourcecode.c.objc; path = AppDelegate.m; sourceTree = "<group>"; };
		DB67961221F9ABD400B09036 /* ViewController.h */ = {isa = PBXFileReference; lastKnownFileType = sourcecode.c.h; path = ViewController.h; sourceTree = "<group>"; };
		DB67961321F9ABD400B09036 /* ViewController.m */ = {isa = PBXFileReference; lastKnownFileType = sourcecode.c.objc; path = ViewController.m; sourceTree = "<group>"; };
		DB67961621F9ABD400B09036 /* Base */ = {isa = PBXFileReference; lastKnownFileType = file.storyboard; name = Base; path = Base.lproj/Main.storyboard; sourceTree = "<group>"; };
		DB67961821F9ABD500B09036 /* Assets.xcassets */ = {isa = PBXFileReference; lastKnownFileType = folder.assetcatalog; path = Assets.xcassets; sourceTree = "<group>"; };
		DB67961B21F9ABD500B09036 /* Base */ = {isa = PBXFileReference; lastKnownFileType = file.storyboard; name = Base; path = Base.lproj/LaunchScreen.storyboard; sourceTree = "<group>"; };
		DB67961D21F9ABD500B09036 /* Info.plist */ = {isa = PBXFileReference; lastKnownFileType = text.plist.xml; path = Info.plist; sourceTree = "<group>"; };
		DB67961E21F9ABD500B09036 /* main.m */ = {isa = PBXFileReference; lastKnownFileType = sourcecode.c.objc; path = main.m; sourceTree = "<group>"; };
/* End PBXFileReference section */

/* Begin PBXFrameworksBuildPhase section */
		DB67960921F9ABD400B09036 /* Frameworks */ = {
			isa = PBXFrameworksBuildPhase;
			buildActionMask = 2147483647;
			files = (
				E759F8E2E5A91F48E2A995D6 /* libPods-JenkinsTest.a in Frameworks */,
			);
			runOnlyForDeploymentPostprocessing = 0;
		};
/* End PBXFrameworksBuildPhase section */

/* Begin PBXGroup section */
		4E4DE94D7B7688EFF10BCB21 /* Pods */ = {
			isa = PBXGroup;
			children = (
				2ECAED5E33730A0EC358164A /* Pods-JenkinsTest.debug.xcconfig */,
				21244AAB54104CA7E736E792 /* Pods-JenkinsTest.release.xcconfig */,
			);
			name = Pods;
			path = Pods;
			sourceTree = "<group>";
		};
		8C131911142DECE3FF13218A /* Frameworks */ = {
			isa = PBXGroup;
			children = (
				31F9BF4DEB3D272A0DDA40BD /* libPods-JenkinsTest.a */,
			);
			name = Frameworks;
			sourceTree = "<group>";
		};
		DB67960321F9ABD400B09036 = {
			isa = PBXGroup;
			children = (
				DB67960E21F9ABD400B09036 /* JenkinsTest */,
				DB67960D21F9ABD400B09036 /* Products */,
				4E4DE94D7B7688EFF10BCB21 /* Pods */,
				8C131911142DECE3FF13218A /* Frameworks */,
			);
			sourceTree = "<group>";
		};
		DB67960D21F9ABD400B09036 /* Products */ = {
			isa = PBXGroup;
			children = (
				DB67960C21F9ABD400B09036 /* JenkinsTest.app */,
			);
			name = Products;
			sourceTree = "<group>";
		};
		DB67960E21F9ABD400B09036 /* JenkinsTest */ = {
			isa = PBXGroup;
			children = (
				DB67960F21F9ABD400B09036 /* AppDelegate.h */,
				DB67961021F9ABD400B09036 /* AppDelegate.m */,
				DB67961221F9ABD400B09036 /* ViewController.h */,
				DB67961321F9ABD400B09036 /* ViewController.m */,
				DB67961521F9ABD400B09036 /* Main.storyboard */,
				DB67961821F9ABD500B09036 /* Assets.xcassets */,
				DB67961A21F9ABD500B09036 /* LaunchScreen.storyboard */,
				DB67961D21F9ABD500B09036 /* Info.plist */,
				DB67961E21F9ABD500B09036 /* main.m */,
			);
			path = JenkinsTest;
			sourceTree = "<group>";
		};
/* End PBXGroup section */

/* Begin PBXNativeTarget section */
		DB67960B21F9ABD400B09036 /* JenkinsTest */ = {
			isa = PBXNativeTarget;
			buildConfigurationList = DB67962221F9ABD500B09036 /* Build configuration list for PBXNativeTarget "JenkinsTest" */;
			buildPhases = (
				2A55AC200D40BE9D640FD870 /* [CP] Check Pods Manifest.lock */,
				DB67960821F9ABD400B09036 /* Sources */,
				DB67960921F9ABD400B09036 /* Frameworks */,
				DB67960A21F9ABD400B09036 /* Resources */,
			);
			buildRules = (
			);
			dependencies = (
			);
			name = JenkinsTest;
			productName = JenkinsTest;
			productReference = DB67960C21F9ABD400B09036 /* JenkinsTest.app */;
			productType = "com.apple.product-type.application";
		};
/* End PBXNativeTarget section */

/* Begin PBXProject section */
		DB67960421F9ABD400B09036 /* Project object */ = {
			isa = PBXProject;
			attributes = {
				LastUpgradeCheck = 1010;
				ORGANIZATIONNAME = "胡梦驰";
				TargetAttributes = {
					DB67960B21F9ABD400B09036 = {
						CreatedOnToolsVersion = 10.1;
					};
				};
			};
			buildConfigurationList = DB67960721F9ABD400B09036 /* Build configuration list for PBXProject "JenkinsTest" */;
			compatibilityVersion = "Xcode 9.3";
			developmentRegion = en;
			hasScannedForEncodings = 0;
			knownRegions = (
				en,
				Base,
			);
			mainGroup = DB67960321F9ABD400B09036;
			productRefGroup = DB67960D21F9ABD400B09036 /* Products */;
			projectDirPath = "";
			projectRoot = "";
			targets = (
				DB67960B21F9ABD400B09036 /* JenkinsTest */,
			);
		};
/* End PBXProject section */

/* Begin PBXResourcesBuildPhase section */
		DB67960A21F9ABD400B09036 /* Resources */ = {
			isa = PBXResourcesBuildPhase;
			buildActionMask = 2147483647;
			files = (
				DB67961C21F9ABD500B09036 /* LaunchScreen.storyboard in Resources */,
				DB67961921F9ABD500B09036 /* Assets.xcassets in Resources */,
				DB67961721F9ABD400B09036 /* Main.storyboard in Resources */,
			);
			runOnlyForDeploymentPostprocessing = 0;
		};
/* End PBXResourcesBuildPhase section */

/* Begin PBXShellScriptBuildPhase section */
		2A55AC200D40BE9D640FD870 /* [CP] Check Pods Manifest.lock */ = {
			isa = PBXShellScriptBuildPhase;
			buildActionMask = 2147483647;
			files = (
			);
			inputFileListPaths = (
			);
			inputPaths = (
				"${PODS_PODFILE_DIR_PATH}/Podfile.lock",
				"${PODS_ROOT}/Manifest.lock",
			);
			name = "[CP] Check Pods Manifest.lock";
			outputFileListPaths = (
			);
			outputPaths = (
				"$(DERIVED_FILE_DIR)/Pods-JenkinsTest-checkManifestLockResult.txt",
			);
			runOnlyForDeploymentPostprocessing = 0;
			shellPath = /bin/sh;
			shellScript = "diff \"${PODS_PODFILE_DIR_PATH}/Podfile.lock\" \"${PODS_ROOT}/Manifest.lock\" > /dev/null\nif [ $? != 0 ] ; then\n    # print error to STDERR\n    echo \"error: The sandbox is not in sync with the Podfile.lock. Run 'pod install' or update your CocoaPods installation.\" >&2\n    exit 1\nfi\n# This output is used by Xcode 'outputs' to avoid re-running this script phase.\necho \"SUCCESS\" > \"${SCRIPT_OUTPUT_FILE_0}\"\n";
			showEnvVarsInLog = 0;
		};
/* End PBXShellScriptBuildPhase section */

/* Begin PBXSourcesBuildPhase section */
		DB67960821F9ABD400B09036 /* Sources */ = {
			isa = PBXSourcesBuildPhase;
			buildActionMask = 2147483647;
			files = (
				DB67961421F9ABD400B09036 /* ViewController.m in Sources */,
				DB67961F21F9ABD500B09036 /* main.m in Sources */,
				DB67961121F9ABD400B09036 /* AppDelegate.m in Sources */,
			);
			runOnlyForDeploymentPostprocessing = 0;
		};
/* End PBXSourcesBuildPhase section */

/* Begin PBXVariantGroup section */
		DB67961521F9ABD400B09036 /* Main.storyboard */ = {
			isa = PBXVariantGroup;
			children = (
				DB67961621F9ABD400B09036 /* Base */,
			);
			name = Main.storyboard;
			sourceTree = "<group>";
		};
		DB67961A21F9ABD500B09036 /* LaunchScreen.storyboard */ = {
			isa = PBXVariantGroup;
			children = (
				DB67961B21F9ABD500B09036 /* Base */,
			);
			name = LaunchScreen.storyboard;
			sourceTree = "<group>";
		};
/* End PBXVariantGroup section */

/* Begin XCBuildConfiguration section */
		DB67962021F9ABD500B09036 /* Debug */ = {
			isa = XCBuildConfiguration;
			buildSettings = {
				ALWAYS_SEARCH_USER_PATHS = NO;
				CLANG_ANALYZER_NONNULL = YES;
				CLANG_ANALYZER_NUMBER_OBJECT_CONVERSION = YES_AGGRESSIVE;
				CLANG_CXX_LANGUAGE_STANDARD = "gnu++14";
				CLANG_CXX_LIBRARY = "libc++";
				CLANG_ENABLE_MODULES = YES;
				CLANG_ENABLE_OBJC_ARC = YES;
				CLANG_ENABLE_OBJC_WEAK = YES;
				CLANG_WARN_BLOCK_CAPTURE_AUTORELEASING = YES;
				CLANG_WARN_BOOL_CONVERSION = YES;
				CLANG_WARN_COMMA = YES;
				CLANG_WARN_CONSTANT_CONVERSION = YES;
				CLANG_WARN_DEPRECATED_OBJC_IMPLEMENTATIONS = YES;
				CLANG_WARN_DIRECT_OBJC_ISA_USAGE = YES_ERROR;
				CLANG_WARN_DOCUMENTATION_COMMENTS = YES;
				CLANG_WARN_EMPTY_BODY = YES;
				CLANG_WARN_ENUM_CONVERSION = YES;
				CLANG_WARN_INFINITE_RECURSION = YES;
				CLANG_WARN_INT_CONVERSION = YES;
				CLANG_WARN_NON_LITERAL_NULL_CONVERSION = YES;
				CLANG_WARN_OBJC_IMPLICIT_RETAIN_SELF = YES;
				CLANG_WARN_OBJC_LITERAL_CONVERSION = YES;
				CLANG_WARN_OBJC_ROOT_CLASS = YES_ERROR;
				CLANG_WARN_RANGE_LOOP_ANALYSIS = YES;
				CLANG_WARN_STRICT_PROTOTYPES = YES;
				CLANG_WARN_SUSPICIOUS_MOVE = YES;
				CLANG_WARN_UNGUARDED_AVAILABILITY = YES_AGGRESSIVE;
				CLANG_WARN_UNREACHABLE_CODE = YES;
				CLANG_WARN__DUPLICATE_METHOD_MATCH = YES;
				CODE_SIGN_IDENTITY = "iPhone Developer";
				COPY_PHASE_STRIP = NO;
				DEBUG_INFORMATION_FORMAT = dwarf;
				ENABLE_STRICT_OBJC_MSGSEND = YES;
				ENABLE_TESTABILITY = YES;
				GCC_C_LANGUAGE_STANDARD = gnu11;
				GCC_DYNAMIC_NO_PIC = NO;
				GCC_NO_COMMON_BLOCKS = YES;
				GCC_OPTIMIZATION_LEVEL = 0;
				GCC_PREPROCESSOR_DEFINITIONS = (
					"DEBUG=1",
					"$(inherited)",
				);
				GCC_WARN_64_TO_32_BIT_CONVERSION = YES;
				GCC_WARN_ABOUT_RETURN_TYPE = YES_ERROR;
				GCC_WARN_UNDECLARED_SELECTOR = YES;
				GCC_WARN_UNINITIALIZED_AUTOS = YES_AGGRESSIVE;
				GCC_WARN_UNUSED_FUNCTION = YES;
				GCC_WARN_UNUSED_VARIABLE = YES;
				IPHONEOS_DEPLOYMENT_TARGET = 12.1;
				MTL_ENABLE_DEBUG_INFO = INCLUDE_SOURCE;
				MTL_FAST_MATH = YES;
				ONLY_ACTIVE_ARCH = YES;
				SDKROOT = iphoneos;
			};
			name = Debug;
		};
		DB67962121F9ABD500B09036 /* Release */ = {
			isa = XCBuildConfiguration;
			buildSettings = {
				ALWAYS_SEARCH_USER_PATHS = NO;
				CLANG_ANALYZER_NONNULL = YES;
				CLANG_ANALYZER_NUMBER_OBJECT_CONVERSION = YES_AGGRESSIVE;
				CLANG_CXX_LANGUAGE_STANDARD = "gnu++14";
				CLANG_CXX_LIBRARY = "libc++";
				CLANG_ENABLE_MODULES = YES;
				CLANG_ENABLE_OBJC_ARC = YES;
				CLANG_ENABLE_OBJC_WEAK = YES;
				CLANG_WARN_BLOCK_CAPTURE_AUTORELEASING = YES;
				CLANG_WARN_BOOL_CONVERSION = YES;
				CLANG_WARN_COMMA = YES;
				CLANG_WARN_CONSTANT_CONVERSION = YES;
				CLANG_WARN_DEPRECATED_OBJC_IMPLEMENTATIONS = YES;
				CLANG_WARN_DIRECT_OBJC_ISA_USAGE = YES_ERROR;
				CLANG_WARN_DOCUMENTATION_COMMENTS = YES;
				CLANG_WARN_EMPTY_BODY = YES;
				CLANG_WARN_ENUM_CONVERSION = YES;
				CLANG_WARN_INFINITE_RECURSION = YES;
				CLANG_WARN_INT_CONVERSION = YES;
				CLANG_WARN_NON_LITERAL_NULL_CONVERSION = YES;
				CLANG_WARN_OBJC_IMPLICIT_RETAIN_SELF = YES;
				CLANG_WARN_OBJC_LITERAL_CONVERSION = YES;
				CLANG_WARN_OBJC_ROOT_CLASS = YES_ERROR;
				CLANG_WARN_RANGE_LOOP_ANALYSIS = YES;
				CLANG_WARN_STRICT_PROTOTYPES = YES;
				CLANG_WARN_SUSPICIOUS_MOVE = YES;
				CLANG_WARN_UNGUARDED_AVAILABILITY = YES_AGGRESSIVE;
				CLANG_WARN_UNREACHABLE_CODE = YES;
				CLANG_WARN__DUPLICATE_METHOD_MATCH = YES;
				CODE_SIGN_IDENTITY = "iPhone Developer";
				COPY_PHASE_STRIP = NO;
				DEBUG_INFORMATION_FORMAT = "dwarf-with-dsym";
				ENABLE_NS_ASSERTIONS = NO;
				ENABLE_STRICT_OBJC_MSGSEND = YES;
				GCC_C_LANGUAGE_STANDARD = gnu11;
				GCC_NO_COMMON_BLOCKS = YES;
				GCC_WARN_64_TO_32_BIT_CONVERSION = YES;
				GCC_WARN_ABOUT_RETURN_TYPE = YES_ERROR;
				GCC_WARN_UNDECLARED_SELECTOR = YES;
				GCC_WARN_UNINITIALIZED_AUTOS = YES_AGGRESSIVE;
				GCC_WARN_UNUSED_FUNCTION = YES;
				GCC_WARN_UNUSED_VARIABLE = YES;
				IPHONEOS_DEPLOYMENT_TARGET = 12.1;
				MTL_ENABLE_DEBUG_INFO = NO;
				MTL_FAST_MATH = YES;
				SDKROOT = iphoneos;
				VALIDATE_PRODUCT = YES;
			};
			name = Release;
		};
		DB67962321F9ABD500B09036 /* Debug */ = {
			isa = XCBuildConfiguration;
			baseConfigurationReference = 2ECAED5E33730A0EC358164A /* Pods-JenkinsTest.debug.xcconfig */;
			buildSettings = {
				ASSETCATALOG_COMPILER_APPICON_NAME = AppIcon;
				CODE_SIGN_STYLE = Automatic;
				DEVELOPMENT_TEAM = 9M98VC6642;
				INFOPLIST_FILE = JenkinsTest/Info.plist;
				LD_RUNPATH_SEARCH_PATHS = (
					"$(inherited)",
					"@executable_path/Frameworks",
				);
				PRODUCT_BUNDLE_IDENTIFIER = com.eric.hmc;
				PRODUCT_NAME = "$(TARGET_NAME)";
				TARGETED_DEVICE_FAMILY = "1,2";
			};
			name = Debug;
		};
		DB67962421F9ABD500B09036 /* Release */ = {
			isa = XCBuildConfiguration;
			baseConfigurationReference = 21244AAB54104CA7E736E792 /* Pods-JenkinsTest.release.xcconfig */;
			buildSettings = {
				ASSETCATALOG_COMPILER_APPICON_NAME = AppIcon;
				CODE_SIGN_STYLE = Automatic;
				DEVELOPMENT_TEAM = 9M98VC6642;
				INFOPLIST_FILE = JenkinsTest/Info.plist;
				LD_RUNPATH_SEARCH_PATHS = (
					"$(inherited)",
					"@executable_path/Frameworks",
				);
				PRODUCT_BUNDLE_IDENTIFIER = com.eric.hmc;
				PRODUCT_NAME = "$(TARGET_NAME)";
				TARGETED_DEVICE_FAMILY = "1,2";
			};
			name = Release;
		};
/* End XCBuildConfiguration section */

/* Begin XCConfigurationList section */
		DB67960721F9ABD400B09036 /* Build configuration list for PBXProject "JenkinsTest" */ = {
			isa = XCConfigurationList;
			buildConfigurations = (
				DB67962021F9ABD500B09036 /* Debug */,
				DB67962121F9ABD500B09036 /* Release */,
			);
			defaultConfigurationIsVisible = 0;
			defaultConfigurationName = Release;
		};
		DB67962221F9ABD500B09036 /* Build configuration list for PBXNativeTarget "JenkinsTest" */ = {
			isa = XCConfigurationList;
			buildConfigurations = (
				DB67962321F9ABD500B09036 /* Debug */,
				DB67962421F9ABD500B09036 /* Release */,
			);
			defaultConfigurationIsVisible = 0;
			defaultConfigurationName = Release;
		};
/* End XCConfigurationList section */
	};
	rootObject = DB67960421F9ABD400B09036 /* Project object */;
}
